
Microsoft Visual Studio Solution File, Format Version 12.00
# Visual Studio Version 16
VisualStudioVersion = 16.0.29905.134
MinimumVisualStudioVersion = 10.0.40219.1
Project("{9A19103F-16F7-4668-BE54-9A1E7A4F7556}") = "WebbShop", "WebbShop\WebbShop.csproj", "{582BFE43-B181-4637-A981-20E7575EFD8D}"
EndProject
Project("{9A19103F-16F7-4668-BE54-9A1E7A4F7556}") = "Order_UnitTest", "Order_UnitTest\Order_UnitTest.csproj", "{A305C97A-34DE-4F22-95A5-B64FD4F171B8}"
EndProject
Project("{9A19103F-16F7-4668-BE54-9A1E7A4F7556}") = "Product_UnitTest", "Product_UnitTest\Product_UnitTest.csproj", "{956D1C27-F8BA-451D-A2AD-B638673A518D}"
EndProject
Project("{9A19103F-16F7-4668-BE54-9A1E7A4F7556}") = "Shoppingcart_UnitTest", "Shoppingcart_UnitTest\Shoppingcart_UnitTest.csproj", "{8D057261-9C60-46EA-BF92-8375873EE715}"
EndProject
Project("{2150E333-8FDC-42A3-9474-1A3956D46DE8}") = "Project", "Project", "{556AF8E9-FF74-4EA1-9804-B3E5BECFF61D}"
EndProject
Project("{2150E333-8FDC-42A3-9474-1A3956D46DE8}") = "Services", "Services", "{2B739D5A-AD1B-4564-9B10-875BDBDF0795}"
EndProject
Project("{2150E333-8FDC-42A3-9474-1A3956D46DE8}") = "Order", "Order", "{8C31ED2D-D595-484A-BAE5-5439EC9DF123}"
EndProject
Project("{2150E333-8FDC-42A3-9474-1A3956D46DE8}") = "Product", "Product", "{91E75336-5EE0-47EF-915B-D55A55AD5354}"
EndProject
Project("{2150E333-8FDC-42A3-9474-1A3956D46DE8}") = "Shoppingcart", "Shoppingcart", "{56073CD7-D27A-4F42-92ED-70136A52F6C6}"
EndProject
Project("{9A19103F-16F7-4668-BE54-9A1E7A4F7556}") = "Product.API", "Product.API\Product.API.csproj", "{6B79FC1A-E830-4DB0-90BA-5B643316D0E1}"
EndProject
Global
	GlobalSection(SolutionConfigurationPlatforms) = preSolution
		Debug|Any CPU = Debug|Any CPU
		Release|Any CPU = Release|Any CPU
	EndGlobalSection
	GlobalSection(ProjectConfigurationPlatforms) = postSolution
		{582BFE43-B181-4637-A981-20E7575EFD8D}.Debug|Any CPU.ActiveCfg = Debug|Any CPU
		{582BFE43-B181-4637-A981-20E7575EFD8D}.Debug|Any CPU.Build.0 = Debug|Any CPU
		{582BFE43-B181-4637-A981-20E7575EFD8D}.Release|Any CPU.ActiveCfg = Release|Any CPU
		{582BFE43-B181-4637-A981-20E7575EFD8D}.Release|Any CPU.Build.0 = Release|Any CPU
		{A305C97A-34DE-4F22-95A5-B64FD4F171B8}.Debug|Any CPU.ActiveCfg = Debug|Any CPU
		{A305C97A-34DE-4F22-95A5-B64FD4F171B8}.Debug|Any CPU.Build.0 = Debug|Any CPU
		{A305C97A-34DE-4F22-95A5-B64FD4F171B8}.Release|Any CPU.ActiveCfg = Release|Any CPU
		{A305C97A-34DE-4F22-95A5-B64FD4F171B8}.Release|Any CPU.Build.0 = Release|Any CPU
		{956D1C27-F8BA-451D-A2AD-B638673A518D}.Debug|Any CPU.ActiveCfg = Debug|Any CPU
		{956D1C27-F8BA-451D-A2AD-B638673A518D}.Debug|Any CPU.Build.0 = Debug|Any CPU
		{956D1C27-F8BA-451D-A2AD-B638673A518D}.Release|Any CPU.ActiveCfg = Release|Any CPU
		{956D1C27-F8BA-451D-A2AD-B638673A518D}.Release|Any CPU.Build.0 = Release|Any CPU
		{8D057261-9C60-46EA-BF92-8375873EE715}.Debug|Any CPU.ActiveCfg = Debug|Any CPU
		{8D057261-9C60-46EA-BF92-8375873EE715}.Debug|Any CPU.Build.0 = Debug|Any CPU
		{8D057261-9C60-46EA-BF92-8375873EE715}.Release|Any CPU.ActiveCfg = Release|Any CPU
		{8D057261-9C60-46EA-BF92-8375873EE715}.Release|Any CPU.Build.0 = Release|Any CPU
		{6B79FC1A-E830-4DB0-90BA-5B643316D0E1}.Debug|Any CPU.ActiveCfg = Debug|Any CPU
		{6B79FC1A-E830-4DB0-90BA-5B643316D0E1}.Debug|Any CPU.Build.0 = Debug|Any CPU
		{6B79FC1A-E830-4DB0-90BA-5B643316D0E1}.Release|Any CPU.ActiveCfg = Release|Any CPU
		{6B79FC1A-E830-4DB0-90BA-5B643316D0E1}.Release|Any CPU.Build.0 = Release|Any CPU
	EndGlobalSection
	GlobalSection(SolutionProperties) = preSolution
		HideSolutionNode = FALSE
	EndGlobalSection
	GlobalSection(NestedProjects) = preSolution
		{582BFE43-B181-4637-A981-20E7575EFD8D} = {556AF8E9-FF74-4EA1-9804-B3E5BECFF61D}
		{A305C97A-34DE-4F22-95A5-B64FD4F171B8} = {8C31ED2D-D595-484A-BAE5-5439EC9DF123}
		{956D1C27-F8BA-451D-A2AD-B638673A518D} = {91E75336-5EE0-47EF-915B-D55A55AD5354}
		{8D057261-9C60-46EA-BF92-8375873EE715} = {56073CD7-D27A-4F42-92ED-70136A52F6C6}
		{2B739D5A-AD1B-4564-9B10-875BDBDF0795} = {556AF8E9-FF74-4EA1-9804-B3E5BECFF61D}
		{8C31ED2D-D595-484A-BAE5-5439EC9DF123} = {2B739D5A-AD1B-4564-9B10-875BDBDF0795}
		{91E75336-5EE0-47EF-915B-D55A55AD5354} = {2B739D5A-AD1B-4564-9B10-875BDBDF0795}
		{56073CD7-D27A-4F42-92ED-70136A52F6C6} = {2B739D5A-AD1B-4564-9B10-875BDBDF0795}
		{6B79FC1A-E830-4DB0-90BA-5B643316D0E1} = {91E75336-5EE0-47EF-915B-D55A55AD5354}
	EndGlobalSection
	GlobalSection(ExtensibilityGlobals) = postSolution
		SolutionGuid = {AF89E946-3AB4-40FD-B513-07DB4DD3B78D}
	EndGlobalSection
EndGlobal
